// !$*UTF8*$!
{
	archiveVersion = 1;
	classes = {
	};
	objectVersion = 48;
	objects = {

/* Begin PBXBuildFile section */
		E601D78B2078A4EF0061C257 /* AppDelegate.m in Sources */ = {isa = PBXBuildFile; fileRef = E601D78A2078A4EF0061C257 /* AppDelegate.m */; };
		E601D78E2078A4EF0061C257 /* ViewController.m in Sources */ = {isa = PBXBuildFile; fileRef = E601D78D2078A4EF0061C257 /* ViewController.m */; };
		E601D7902078A4EF0061C257 /* Assets.xcassets in Resources */ = {isa = PBXBuildFile; fileRef = E601D78F2078A4EF0061C257 /* Assets.xcassets */; };
		E601D7932078A4EF0061C257 /* Main.storyboard in Resources */ = {isa = PBXBuildFile; fileRef = E601D7912078A4EF0061C257 /* Main.storyboard */; };
		E601D7962078A4EF0061C257 /* main.m in Sources */ = {isa = PBXBuildFile; fileRef = E601D7952078A4EF0061C257 /* main.m */; };
/* End PBXBuildFile section */

/* Begin PBXFileReference section */
		E601D7862078A4EF0061C257 /* Lumos.app */ = {isa = PBXFileReference; explicitFileType = wrapper.application; includeInIndex = 0; path = Lumos.app; sourceTree = BUILT_PRODUCTS_DIR; };
		E601D7892078A4EF0061C257 /* AppDelegate.h */ = {isa = PBXFileReference; lastKnownFileType = sourcecode.c.h; path = AppDelegate.h; sourceTree = "<group>"; };
		E601D78A2078A4EF0061C257 /* AppDelegate.m */ = {isa = PBXFileReference; lastKnownFileType = sourcecode.c.objc; path = AppDelegate.m; sourceTree = "<group>"; };
		E601D78C2078A4EF0061C257 /* ViewController.h */ = {isa = PBXFileReference; lastKnownFileType = sourcecode.c.h; path = ViewController.h; sourceTree = "<group>"; };
		E601D78D2078A4EF0061C257 /* ViewController.m */ = {isa = PBXFileReference; lastKnownFileType = sourcecode.c.objc; path = ViewController.m; sourceTree = "<group>"; };
		E601D78F2078A4EF0061C257 /* Assets.xcassets */ = {isa = PBXFileReference; lastKnownFileType = folder.assetcatalog; path = Assets.xcassets; sourceTree = "<group>"; };
		E601D7922078A4EF0061C257 /* Base */ = {isa = PBXFileReference; lastKnownFileType = file.storyboard; name = Base; path = Base.lproj/Main.storyboard; sourceTree = "<group>"; };
		E601D7942078A4EF0061C257 /* Info.plist */ = {isa = PBXFileReference; lastKnownFileType = text.plist.xml; path = Info.plist; sourceTree = "<group>"; };
		E601D7952078A4EF0061C257 /* main.m */ = {isa = PBXFileReference; lastKnownFileType = sourcecode.c.objc; path = main.m; sourceTree = "<group>"; };
		E601D7972078A4EF0061C257 /* Lumos.entitlements */ = {isa = PBXFileReference; lastKnownFileType = text.plist.entitlements; path = Lumos.entitlements; sourceTree = "<group>"; };
/* End PBXFileReference section */

/* Begin PBXFrameworksBuildPhase section */
		E601D7832078A4EF0061C257 /* Frameworks */ = {
			isa = PBXFrameworksBuildPhase;
			buildActionMask = 2147483647;
			files = (
			);
			runOnlyForDeploymentPostprocessing = 0;
		};
/* End PBXFrameworksBuildPhase section */

/* Begin PBXGroup section */
		E601D77D2078A4EF0061C257 = {
			isa = PBXGroup;
			children = (
				E601D7882078A4EF0061C257 /* Lumos */,
				E601D7872078A4EF0061C257 /* Products */,
			);
			sourceTree = "<group>";
		};
		E601D7872078A4EF0061C257 /* Products */ = {
			isa = PBXGroup;
			children = (
				E601D7862078A4EF0061C257 /* Lumos.app */,
			);
			name = Products;
			sourceTree = "<group>";
		};
		E601D7882078A4EF0061C257 /* Lumos */ = {
			isa = PBXGroup;
			children = (
				E601D7892078A4EF0061C257 /* AppDelegate.h */,
				E601D78A2078A4EF0061C257 /* AppDelegate.m */,
				E601D78C2078A4EF0061C257 /* ViewController.h */,
				E601D78D2078A4EF0061C257 /* ViewController.m */,
				E601D78F2078A4EF0061C257 /* Assets.xcassets */,
				E601D7912078A4EF0061C257 /* Main.storyboard */,
				E601D7942078A4EF0061C257 /* Info.plist */,
				E601D7952078A4EF0061C257 /* main.m */,
				E601D7972078A4EF0061C257 /* Lumos.entitlements */,
			);
			path = Lumos;
			sourceTree = "<group>";
		};
/* End PBXGroup section */

/* Begin PBXNativeTarget section */
		E601D7852078A4EF0061C257 /* Lumos */ = {
			isa = PBXNativeTarget;
			buildConfigurationList = E601D79A2078A4EF0061C257 /* Build configuration list for PBXNativeTarget "Lumos" */;
			buildPhases = (
				E601D7822078A4EF0061C257 /* Sources */,
				E601D7832078A4EF0061C257 /* Frameworks */,
				E601D7842078A4EF0061C257 /* Resources */,
			);
			buildRules = (
			);
			dependencies = (
			);
			name = Lumos;
			productName = Lumos;
			productReference = E601D7862078A4EF0061C257 /* Lumos.app */;
			productType = "com.apple.product-type.application";
		};
/* End PBXNativeTarget section */

/* Begin PBXProject section */
		E601D77E2078A4EF0061C257 /* Project object */ = {
			isa = PBXProject;
			attributes = {
				LastUpgradeCheck = 0900;
				ORGANIZATIONNAME = BearSoft;
				TargetAttributes = {
					E601D7852078A4EF0061C257 = {
						CreatedOnToolsVersion = 9.0;
						ProvisioningStyle = Automatic;
					};
				};
			};
			buildConfigurationList = E601D7812078A4EF0061C257 /* Build configuration list for PBXProject "Lumos" */;
			compatibilityVersion = "Xcode 8.0";
			developmentRegion = en;
			hasScannedForEncodings = 0;
			knownRegions = (
				en,
				Base,
			);
			mainGroup = E601D77D2078A4EF0061C257;
			productRefGroup = E601D7872078A4EF0061C257 /* Products */;
			projectDirPath = "";
			projectRoot = "";
			targets = (
				E601D7852078A4EF0061C257 /* Lumos */,
			);
		};
/* End PBXProject section */

/* Begin PBXResourcesBuildPhase section */
		E601D7842078A4EF0061C257 /* Resources */ = {
			isa = PBXResourcesBuildPhase;
			buildActionMask = 2147483647;
			files = (
				E601D7902078A4EF0061C257 /* Assets.xcassets in Resources */,
				E601D7932078A4EF0061C257 /* Main.storyboard in Resources */,
			);
			runOnlyForDeploymentPostprocessing = 0;
		};
/* End PBXResourcesBuildPhase section */

/* Begin PBXSourcesBuildPhase section */
		E601D7822078A4EF0061C257 /* Sources */ = {
			isa = PBXSourcesBuildPhase;
			buildActionMask = 2147483647;
			files = (
				E601D78E2078A4EF0061C257 /* ViewController.m in Sources */,
				E601D7962078A4EF0061C257 /* main.m in Sources */,
				E601D78B2078A4EF0061C257 /* AppDelegate.m in Sources */,
			);
			runOnlyForDeploymentPostprocessing = 0;
		};
/* End PBXSourcesBuildPhase section */

/* Begin PBXVariantGroup section */
		E601D7912078A4EF0061C257 /* Main.storyboard */ = {
			isa = PBXVariantGroup;
			children = (
				E601D7922078A4EF0061C257 /* Base */,
			);
			name = Main.storyboard;
			sourceTree = "<group>";
		};
/* End PBXVariantGroup section */

/* Begin XCBuildConfiguration section */
		E601D7982078A4EF0061C257 /* Debug */ = {
			isa = XCBuildConfiguration;
			buildSettings = {
				ALWAYS_SEARCH_USER_PATHS = NO;
				CLANG_ANALYZER_NONNULL = YES;
				CLANG_ANALYZER_NUMBER_OBJECT_CONVERSION = YES_AGGRESSIVE;
				CLANG_CXX_LANGUAGE_STANDARD = "gnu++14";
				CLANG_CXX_LIBRARY = "libc++";
				CLANG_ENABLE_MODULES = YES;
				CLANG_ENABLE_OBJC_ARC = YES;
				CLANG_WARN_BLOCK_CAPTURE_AUTORELEASING = YES;
				CLANG_WARN_BOOL_CONVERSION = YES;
				CLANG_WARN_COMMA = YES;
				CLANG_WARN_CONSTANT_CONVERSION = YES;
				CLANG_WARN_DIRECT_OBJC_ISA_USAGE = YES_ERROR;
				CLANG_WARN_DOCUMENTATION_COMMENTS = YES;
				CLANG_WARN_EMPTY_BODY = YES;
				CLANG_WARN_ENUM_CONVERSION = YES;
				CLANG_WARN_INFINITE_RECURSION = YES;
				CLANG_WARN_INT_CONVERSION = YES;
				CLANG_WARN_NON_LITERAL_NULL_CONVERSION = YES;
				CLANG_WARN_OBJC_LITERAL_CONVERSION = YES;
				CLANG_WARN_OBJC_ROOT_CLASS = YES_ERROR;
				CLANG_WARN_RANGE_LOOP_ANALYSIS = YES;
				CLANG_WARN_STRICT_PROTOTYPES = YES;
				CLANG_WARN_SUSPICIOUS_MOVE = YES;
				CLANG_WARN_UNGUARDED_AVAILABILITY = YES_AGGRESSIVE;
				CLANG_WARN_UNREACHABLE_CODE = YES;
				CLANG_WARN__DUPLICATE_METHOD_MATCH = YES;
				CODE_SIGN_IDENTITY = "Mac Developer";
				COPY_PHASE_STRIP = NO;
				DEBUG_INFORMATION_FORMAT = dwarf;
				ENABLE_STRICT_OBJC_MSGSEND = YES;
				ENABLE_TESTABILITY = YES;
				GCC_C_LANGUAGE_STANDARD = gnu11;
				GCC_DYNAMIC_NO_PIC = NO;
				GCC_NO_COMMON_BLOCKS = YES;
				GCC_OPTIMIZATION_LEVEL = 0;
				GCC_PREPROCESSOR_DEFINITIONS = (
					"DEBUG=1",
					"$(inherited)",
				);
				GCC_WARN_64_TO_32_BIT_CONVERSION = YES;
				GCC_WARN_ABOUT_RETURN_TYPE = YES_ERROR;
				GCC_WARN_UNDECLARED_SELECTOR = YES;
				GCC_WARN_UNINITIALIZED_AUTOS = YES_AGGRESSIVE;
				GCC_WARN_UNUSED_FUNCTION = YES;
				GCC_WARN_UNUSED_VARIABLE = YES;
				MACOSX_DEPLOYMENT_TARGET = 10.13;
				MTL_ENABLE_DEBUG_INFO = YES;
				ONLY_ACTIVE_ARCH = YES;
				SDKROOT = macosx;
			};
			name = Debug;
		};
		E601D7992078A4EF0061C257 /* Release */ = {
			isa = XCBuildConfiguration;
			buildSettings = {
				ALWAYS_SEARCH_USER_PATHS = NO;
				CLANG_ANALYZER_NONNULL = YES;
				CLANG_ANALYZER_NUMBER_OBJECT_CONVERSION = YES_AGGRESSIVE;
				CLANG_CXX_LANGUAGE_STANDARD = "gnu++14";
				CLANG_CXX_LIBRARY = "libc++";
				CLANG_ENABLE_MODULES = YES;
				CLANG_ENABLE_OBJC_ARC = YES;
				CLANG_WARN_BLOCK_CAPTURE_AUTORELEASING = YES;
				CLANG_WARN_BOOL_CONVERSION = YES;
				CLANG_WARN_COMMA = YES;
				CLANG_WARN_CONSTANT_CONVERSION = YES;
				CLANG_WARN_DIRECT_OBJC_ISA_USAGE = YES_ERROR;
				CLANG_WARN_DOCUMENTATION_COMMENTS = YES;
				CLANG_WARN_EMPTY_BODY = YES;
				CLANG_WARN_ENUM_CONVERSION = YES;
				CLANG_WARN_INFINITE_RECURSION = YES;
				CLANG_WARN_INT_CONVERSION = YES;
				CLANG_WARN_NON_LITERAL_NULL_CONVERSION = YES;
				CLANG_WARN_OBJC_LITERAL_CONVERSION = YES;
				CLANG_WARN_OBJC_ROOT_CLASS = YES_ERROR;
				CLANG_WARN_RANGE_LOOP_ANALYSIS = YES;
				CLANG_WARN_STRICT_PROTOTYPES = YES;
				CLANG_WARN_SUSPICIOUS_MOVE = YES;
				CLANG_WARN_UNGUARDED_AVAILABILITY = YES_AGGRESSIVE;
				CLANG_WARN_UNREACHABLE_CODE = YES;
				CLANG_WARN__DUPLICATE_METHOD_MATCH = YES;
				CODE_SIGN_IDENTITY = "Mac Developer";
				COPY_PHASE_STRIP = NO;
				DEBUG_INFORMATION_FORMAT = "dwarf-with-dsym";
				ENABLE_NS_ASSERTIONS = NO;
				ENABLE_STRICT_OBJC_MSGSEND = YES;
				GCC_C_LANGUAGE_STANDARD = gnu11;
				GCC_NO_COMMON_BLOCKS = YES;
				GCC_WARN_64_TO_32_BIT_CONVERSION = YES;
				GCC_WARN_ABOUT_RETURN_TYPE = YES_ERROR;
				GCC_WARN_UNDECLARED_SELECTOR = YES;
				GCC_WARN_UNINITIALIZED_AUTOS = YES_AGGRESSIVE;
				GCC_WARN_UNUSED_FUNCTION = YES;
				GCC_WARN_UNUSED_VARIABLE = YES;
				MACOSX_DEPLOYMENT_TARGET = 10.13;
				MTL_ENABLE_DEBUG_INFO = NO;
				SDKROOT = macosx;
			};
			name = Release;
		};
		E601D79B2078A4EF0061C257 /* Debug */ = {
			isa = XCBuildConfiguration;
			buildSettings = {
				ASSETCATALOG_COMPILER_APPICON_NAME = AppIcon;
				CODE_SIGN_ENTITLEMENTS = Lumos/Lumos.entitlements;
				CODE_SIGN_STYLE = Automatic;
				COMBINE_HIDPI_IMAGES = YES;
				DEVELOPMENT_TEAM = D4F5TTM4H3;
				INFOPLIST_FILE = Lumos/Info.plist;
				LD_RUNPATH_SEARCH_PATHS = "$(inherited) @executable_path/../Frameworks";
				PRODUCT_BUNDLE_IDENTIFIER = ro.bearsoft.Lumos;
				PRODUCT_NAME = "$(TARGET_NAME)";
			};
			name = Debug;
		};
		E601D79C2078A4EF0061C257 /* Release */ = {
			isa = XCBuildConfiguration;
			buildSettings = {
				ASSETCATALOG_COMPILER_APPICON_NAME = AppIcon;
				CODE_SIGN_ENTITLEMENTS = Lumos/Lumos.entitlements;
				CODE_SIGN_STYLE = Automatic;
				COMBINE_HIDPI_IMAGES = YES;
				DEVELOPMENT_TEAM = D4F5TTM4H3;
				INFOPLIST_FILE = Lumos/Info.plist;
				LD_RUNPATH_SEARCH_PATHS = "$(inherited) @executable_path/../Frameworks";
				PRODUCT_BUNDLE_IDENTIFIER = ro.bearsoft.Lumos;
				PRODUCT_NAME = "$(TARGET_NAME)";
			};
			name = Release;
		};
/* End XCBuildConfiguration section */

/* Begin XCConfigurationList section */
		E601D7812078A4EF0061C257 /* Build configuration list for PBXProject "Lumos" */ = {
			isa = XCConfigurationList;
			buildConfigurations = (
				E601D7982078A4EF0061C257 /* Debug */,
				E601D7992078A4EF0061C257 /* Release */,
			);
			defaultConfigurationIsVisible = 0;
			defaultConfigurationName = Release;
		};
		E601D79A2078A4EF0061C257 /* Build configuration list for PBXNativeTarget "Lumos" */ = {
			isa = XCConfigurationList;
			buildConfigurations = (
				E601D79B2078A4EF0061C257 /* Debug */,
				E601D79C2078A4EF0061C257 /* Release */,
			);
			defaultConfigurationIsVisible = 0;
			defaultConfigurationName = Release;
		};
/* End XCConfigurationList section */
	};
	rootObject = E601D77E2078A4EF0061C257 /* Project object */;
}
